// !$*UTF8*$!
{
	archiveVersion = 1;
	classes = {
	};
	objectVersion = 55;
	objects = {

/* Begin PBXBuildFile section */
		4C45DD2428816CAD0055AECD /* MapViewModel.swift in Sources */ = {isa = PBXBuildFile; fileRef = 4C45DD2328816CAD0055AECD /* MapViewModel.swift */; };
		4C45DD2728819BB80055AECD /* Constants.swift in Sources */ = {isa = PBXBuildFile; fileRef = 4C45DD2628819BB80055AECD /* Constants.swift */; };
		4CDF61AB287F216E00669979 /* AppDelegate.swift in Sources */ = {isa = PBXBuildFile; fileRef = 4CDF61AA287F216E00669979 /* AppDelegate.swift */; };
		4CDF61AD287F216E00669979 /* SceneDelegate.swift in Sources */ = {isa = PBXBuildFile; fileRef = 4CDF61AC287F216E00669979 /* SceneDelegate.swift */; };
		4CDF61B4287F217200669979 /* Assets.xcassets in Resources */ = {isa = PBXBuildFile; fileRef = 4CDF61B3287F217200669979 /* Assets.xcassets */; };
		4CDF61B7287F217200669979 /* LaunchScreen.storyboard in Resources */ = {isa = PBXBuildFile; fileRef = 4CDF61B5287F217200669979 /* LaunchScreen.storyboard */; };
		4CDF61DC287F25DB00669979 /* Point.swift in Sources */ = {isa = PBXBuildFile; fileRef = 4CDF61DB287F25DB00669979 /* Point.swift */; };
		4CDF61DE287F2A2600669979 /* URLSessionHTTPClientTests.swift in Sources */ = {isa = PBXBuildFile; fileRef = 4CDF61DD287F2A2600669979 /* URLSessionHTTPClientTests.swift */; };
		4CDF61E1287F2C0300669979 /* URLProtocolStub.swift in Sources */ = {isa = PBXBuildFile; fileRef = 4CDF61E0287F2C0300669979 /* URLProtocolStub.swift */; };
		4CDF61E4287F35B200669979 /* URLSessionHTTPClient.swift in Sources */ = {isa = PBXBuildFile; fileRef = 4CDF61E3287F35B200669979 /* URLSessionHTTPClient.swift */; };
		4CDF61E6287F369D00669979 /* HTTPClient.swift in Sources */ = {isa = PBXBuildFile; fileRef = 4CDF61E5287F369D00669979 /* HTTPClient.swift */; };
		4CDF61E8287F373E00669979 /* Shared.swift in Sources */ = {isa = PBXBuildFile; fileRef = 4CDF61E7287F373E00669979 /* Shared.swift */; };
		4CDF61EB287F37ED00669979 /* RemoteLoaderTests.swift in Sources */ = {isa = PBXBuildFile; fileRef = 4CDF61EA287F37ED00669979 /* RemoteLoaderTests.swift */; };
		4CDF61ED287FEAEA00669979 /* RemoteLoader.swift in Sources */ = {isa = PBXBuildFile; fileRef = 4CDF61EC287FEAEA00669979 /* RemoteLoader.swift */; };
		4CDF61EF287FEB2800669979 /* PointMapper.swift in Sources */ = {isa = PBXBuildFile; fileRef = 4CDF61EE287FEB2800669979 /* PointMapper.swift */; };
		4CDF61F1287FEC8B00669979 /* XCTestCase+MemoryLeackTrackingHelper.swift in Sources */ = {isa = PBXBuildFile; fileRef = 4CDF61F0287FEC8B00669979 /* XCTestCase+MemoryLeackTrackingHelper.swift */; };
		4CDF61F4287FED6700669979 /* Coordinate.swift in Sources */ = {isa = PBXBuildFile; fileRef = 4CDF61F3287FED6700669979 /* Coordinate.swift */; };
		4CDF61FB287FF0E100669979 /* VehicleTableViewCell.swift in Sources */ = {isa = PBXBuildFile; fileRef = 4CDF61F9287FF0E100669979 /* VehicleTableViewCell.swift */; };
		4CDF61FC287FF0E100669979 /* VehicleTableViewCell.xib in Resources */ = {isa = PBXBuildFile; fileRef = 4CDF61FA287FF0E100669979 /* VehicleTableViewCell.xib */; };
		4CDF61FF287FFE3E00669979 /* CoreLocationHelpers.swift in Sources */ = {isa = PBXBuildFile; fileRef = 4CDF61FE287FFE3E00669979 /* CoreLocationHelpers.swift */; };
		4CDF62022880047800669979 /* ListViewModel.swift in Sources */ = {isa = PBXBuildFile; fileRef = 4CDF62012880047800669979 /* ListViewModel.swift */; };
		4CDF62052880063100669979 /* VehicleCellController.swift in Sources */ = {isa = PBXBuildFile; fileRef = 4CDF62042880063100669979 /* VehicleCellController.swift */; };
		4CDF6207288008FC00669979 /* ListViewController.swift in Sources */ = {isa = PBXBuildFile; fileRef = 4CDF6206288008FC00669979 /* ListViewController.swift */; };
		4CDF620928800A8200669979 /* Alertable.swift in Sources */ = {isa = PBXBuildFile; fileRef = 4CDF620828800A8200669979 /* Alertable.swift */; };
		4CDF620B28800ADB00669979 /* VehicleLoader.swift in Sources */ = {isa = PBXBuildFile; fileRef = 4CDF620A28800ADB00669979 /* VehicleLoader.swift */; };
		4CDF620D28800CDE00669979 /* ListViewControllerTests.swift in Sources */ = {isa = PBXBuildFile; fileRef = 4CDF620C28800CDE00669979 /* ListViewControllerTests.swift */; };
		4CDF620F288015AA00669979 /* MainQueueDispatchDecorator.swift in Sources */ = {isa = PBXBuildFile; fileRef = 4CDF620E288015AA00669979 /* MainQueueDispatchDecorator.swift */; };
		4CDF62112880175300669979 /* VehicleEndpoint.swift in Sources */ = {isa = PBXBuildFile; fileRef = 4CDF62102880175300669979 /* VehicleEndpoint.swift */; };
		4CDF621528802A0200669979 /* MapViewController.swift in Sources */ = {isa = PBXBuildFile; fileRef = 4CDF621428802A0200669979 /* MapViewController.swift */; };
/* End PBXBuildFile section */

/* Begin PBXContainerItemProxy section */
		4CDF61BE287F217200669979 /* PBXContainerItemProxy */ = {
			isa = PBXContainerItemProxy;
			containerPortal = 4CDF619F287F216E00669979 /* Project object */;
			proxyType = 1;
			remoteGlobalIDString = 4CDF61A6287F216E00669979;
			remoteInfo = "vehicle-app";
		};
/* End PBXContainerItemProxy section */

/* Begin PBXFileReference section */
		4C45DD2328816CAD0055AECD /* MapViewModel.swift */ = {isa = PBXFileReference; lastKnownFileType = sourcecode.swift; path = MapViewModel.swift; sourceTree = "<group>"; };
		4C45DD2628819BB80055AECD /* Constants.swift */ = {isa = PBXFileReference; lastKnownFileType = sourcecode.swift; path = Constants.swift; sourceTree = "<group>"; };
		4CDF61A7287F216E00669979 /* vehicle-app.app */ = {isa = PBXFileReference; explicitFileType = wrapper.application; includeInIndex = 0; path = "vehicle-app.app"; sourceTree = BUILT_PRODUCTS_DIR; };
		4CDF61AA287F216E00669979 /* AppDelegate.swift */ = {isa = PBXFileReference; lastKnownFileType = sourcecode.swift; path = AppDelegate.swift; sourceTree = "<group>"; };
		4CDF61AC287F216E00669979 /* SceneDelegate.swift */ = {isa = PBXFileReference; lastKnownFileType = sourcecode.swift; path = SceneDelegate.swift; sourceTree = "<group>"; };
		4CDF61B3287F217200669979 /* Assets.xcassets */ = {isa = PBXFileReference; lastKnownFileType = folder.assetcatalog; path = Assets.xcassets; sourceTree = "<group>"; };
		4CDF61B6287F217200669979 /* Base */ = {isa = PBXFileReference; lastKnownFileType = file.storyboard; name = Base; path = Base.lproj/LaunchScreen.storyboard; sourceTree = "<group>"; };
		4CDF61B8287F217200669979 /* Info.plist */ = {isa = PBXFileReference; lastKnownFileType = text.plist.xml; path = Info.plist; sourceTree = "<group>"; };
		4CDF61BD287F217200669979 /* vehicle-appTests.xctest */ = {isa = PBXFileReference; explicitFileType = wrapper.cfbundle; includeInIndex = 0; path = "vehicle-appTests.xctest"; sourceTree = BUILT_PRODUCTS_DIR; };
		4CDF61DB287F25DB00669979 /* Point.swift */ = {isa = PBXFileReference; lastKnownFileType = sourcecode.swift; path = Point.swift; sourceTree = "<group>"; };
		4CDF61DD287F2A2600669979 /* URLSessionHTTPClientTests.swift */ = {isa = PBXFileReference; lastKnownFileType = sourcecode.swift; path = URLSessionHTTPClientTests.swift; sourceTree = "<group>"; };
		4CDF61E0287F2C0300669979 /* URLProtocolStub.swift */ = {isa = PBXFileReference; lastKnownFileType = sourcecode.swift; path = URLProtocolStub.swift; sourceTree = "<group>"; };
		4CDF61E3287F35B200669979 /* URLSessionHTTPClient.swift */ = {isa = PBXFileReference; lastKnownFileType = sourcecode.swift; path = URLSessionHTTPClient.swift; sourceTree = "<group>"; };
		4CDF61E5287F369D00669979 /* HTTPClient.swift */ = {isa = PBXFileReference; lastKnownFileType = sourcecode.swift; path = HTTPClient.swift; sourceTree = "<group>"; };
		4CDF61E7287F373E00669979 /* Shared.swift */ = {isa = PBXFileReference; lastKnownFileType = sourcecode.swift; path = Shared.swift; sourceTree = "<group>"; };
		4CDF61EA287F37ED00669979 /* RemoteLoaderTests.swift */ = {isa = PBXFileReference; lastKnownFileType = sourcecode.swift; path = RemoteLoaderTests.swift; sourceTree = "<group>"; };
		4CDF61EC287FEAEA00669979 /* RemoteLoader.swift */ = {isa = PBXFileReference; lastKnownFileType = sourcecode.swift; path = RemoteLoader.swift; sourceTree = "<group>"; };
		4CDF61EE287FEB2800669979 /* PointMapper.swift */ = {isa = PBXFileReference; lastKnownFileType = sourcecode.swift; path = PointMapper.swift; sourceTree = "<group>"; };
		4CDF61F0287FEC8B00669979 /* XCTestCase+MemoryLeackTrackingHelper.swift */ = {isa = PBXFileReference; lastKnownFileType = sourcecode.swift; path = "XCTestCase+MemoryLeackTrackingHelper.swift"; sourceTree = "<group>"; };
		4CDF61F3287FED6700669979 /* Coordinate.swift */ = {isa = PBXFileReference; lastKnownFileType = sourcecode.swift; path = Coordinate.swift; sourceTree = "<group>"; };
		4CDF61F9287FF0E100669979 /* VehicleTableViewCell.swift */ = {isa = PBXFileReference; lastKnownFileType = sourcecode.swift; path = VehicleTableViewCell.swift; sourceTree = "<group>"; };
		4CDF61FA287FF0E100669979 /* VehicleTableViewCell.xib */ = {isa = PBXFileReference; lastKnownFileType = file.xib; path = VehicleTableViewCell.xib; sourceTree = "<group>"; };
		4CDF61FE287FFE3E00669979 /* CoreLocationHelpers.swift */ = {isa = PBXFileReference; lastKnownFileType = sourcecode.swift; path = CoreLocationHelpers.swift; sourceTree = "<group>"; };
		4CDF62012880047800669979 /* ListViewModel.swift */ = {isa = PBXFileReference; lastKnownFileType = sourcecode.swift; path = ListViewModel.swift; sourceTree = "<group>"; };
		4CDF62042880063100669979 /* VehicleCellController.swift */ = {isa = PBXFileReference; lastKnownFileType = sourcecode.swift; path = VehicleCellController.swift; sourceTree = "<group>"; };
		4CDF6206288008FC00669979 /* ListViewController.swift */ = {isa = PBXFileReference; lastKnownFileType = sourcecode.swift; path = ListViewController.swift; sourceTree = "<group>"; };
		4CDF620828800A8200669979 /* Alertable.swift */ = {isa = PBXFileReference; lastKnownFileType = sourcecode.swift; path = Alertable.swift; sourceTree = "<group>"; };
		4CDF620A28800ADB00669979 /* VehicleLoader.swift */ = {isa = PBXFileReference; lastKnownFileType = sourcecode.swift; path = VehicleLoader.swift; sourceTree = "<group>"; };
		4CDF620C28800CDE00669979 /* ListViewControllerTests.swift */ = {isa = PBXFileReference; lastKnownFileType = sourcecode.swift; path = ListViewControllerTests.swift; sourceTree = "<group>"; };
		4CDF620E288015AA00669979 /* MainQueueDispatchDecorator.swift */ = {isa = PBXFileReference; lastKnownFileType = sourcecode.swift; path = MainQueueDispatchDecorator.swift; sourceTree = "<group>"; };
		4CDF62102880175300669979 /* VehicleEndpoint.swift */ = {isa = PBXFileReference; lastKnownFileType = sourcecode.swift; path = VehicleEndpoint.swift; sourceTree = "<group>"; };
		4CDF621428802A0200669979 /* MapViewController.swift */ = {isa = PBXFileReference; lastKnownFileType = sourcecode.swift; path = MapViewController.swift; sourceTree = "<group>"; };
/* End PBXFileReference section */

/* Begin PBXFrameworksBuildPhase section */
		4CDF61A4287F216E00669979 /* Frameworks */ = {
			isa = PBXFrameworksBuildPhase;
			buildActionMask = 2147483647;
			files = (
			);
			runOnlyForDeploymentPostprocessing = 0;
		};
		4CDF61BA287F217200669979 /* Frameworks */ = {
			isa = PBXFrameworksBuildPhase;
			buildActionMask = 2147483647;
			files = (
			);
			runOnlyForDeploymentPostprocessing = 0;
		};
/* End PBXFrameworksBuildPhase section */

/* Begin PBXGroup section */
		4C45DD2528819BAE0055AECD /* Helpers */ = {
			isa = PBXGroup;
			children = (
				4C45DD2628819BB80055AECD /* Constants.swift */,
			);
			path = Helpers;
			sourceTree = "<group>";
		};
		4CDF619E287F216E00669979 = {
			isa = PBXGroup;
			children = (
				4CDF61A9287F216E00669979 /* vehicle-app */,
				4CDF61C0287F217200669979 /* vehicle-appTests */,
				4CDF61A8287F216E00669979 /* Products */,
			);
			sourceTree = "<group>";
		};
		4CDF61A8287F216E00669979 /* Products */ = {
			isa = PBXGroup;
			children = (
				4CDF61A7287F216E00669979 /* vehicle-app.app */,
				4CDF61BD287F217200669979 /* vehicle-appTests.xctest */,
			);
			name = Products;
			sourceTree = "<group>";
		};
		4CDF61A9287F216E00669979 /* vehicle-app */ = {
			isa = PBXGroup;
			children = (
				4CDF61E2287F35AD00669979 /* API */,
				4CDF61F2287FED3900669979 /* Domain */,
				4CDF61F5287FED9100669979 /* Presentation */,
				4CDF61DA287F221A00669979 /* Main */,
				4CDF61B3287F217200669979 /* Assets.xcassets */,
				4CDF61B5287F217200669979 /* LaunchScreen.storyboard */,
				4CDF61B8287F217200669979 /* Info.plist */,
			);
			path = "vehicle-app";
			sourceTree = "<group>";
		};
		4CDF61C0287F217200669979 /* vehicle-appTests */ = {
			isa = PBXGroup;
			children = (
				4CDF61DF287F2BFA00669979 /* Helpers */,
				4CDF61DD287F2A2600669979 /* URLSessionHTTPClientTests.swift */,
				4CDF61EA287F37ED00669979 /* RemoteLoaderTests.swift */,
				4CDF620C28800CDE00669979 /* ListViewControllerTests.swift */,
			);
			path = "vehicle-appTests";
			sourceTree = "<group>";
		};
		4CDF61DA287F221A00669979 /* Main */ = {
			isa = PBXGroup;
			children = (
				4C45DD2528819BAE0055AECD /* Helpers */,
				4CDF61AA287F216E00669979 /* AppDelegate.swift */,
				4CDF61AC287F216E00669979 /* SceneDelegate.swift */,
			);
			path = Main;
			sourceTree = "<group>";
		};
		4CDF61DF287F2BFA00669979 /* Helpers */ = {
			isa = PBXGroup;
			children = (
				4CDF61E0287F2C0300669979 /* URLProtocolStub.swift */,
				4CDF61E7287F373E00669979 /* Shared.swift */,
				4CDF61F0287FEC8B00669979 /* XCTestCase+MemoryLeackTrackingHelper.swift */,
			);
			path = Helpers;
			sourceTree = "<group>";
		};
		4CDF61E2287F35AD00669979 /* API */ = {
			isa = PBXGroup;
			children = (
				4CDF61E9287F377600669979 /* Infrastructure */,
				4CDF61E5287F369D00669979 /* HTTPClient.swift */,
				4CDF61EC287FEAEA00669979 /* RemoteLoader.swift */,
				4CDF620A28800ADB00669979 /* VehicleLoader.swift */,
				4CDF61EE287FEB2800669979 /* PointMapper.swift */,
				4CDF62102880175300669979 /* VehicleEndpoint.swift */,
			);
			path = API;
			sourceTree = "<group>";
		};
		4CDF61E9287F377600669979 /* Infrastructure */ = {
			isa = PBXGroup;
			children = (
				4CDF61E3287F35B200669979 /* URLSessionHTTPClient.swift */,
			);
			path = Infrastructure;
			sourceTree = "<group>";
		};
		4CDF61F2287FED3900669979 /* Domain */ = {
			isa = PBXGroup;
			children = (
				4CDF61DB287F25DB00669979 /* Point.swift */,
				4CDF61F3287FED6700669979 /* Coordinate.swift */,
			);
			path = Domain;
			sourceTree = "<group>";
		};
		4CDF61F5287FED9100669979 /* Presentation */ = {
			isa = PBXGroup;
			children = (
				4CDF61FD287FFE2F00669979 /* Helpers */,
				4CDF62002880046F00669979 /* ViewModel */,
				4CDF61F8287FF07600669979 /* Views */,
				4CDF6203288005D200669979 /* Controllers */,
			);
			path = Presentation;
			sourceTree = "<group>";
		};
		4CDF61F8287FF07600669979 /* Views */ = {
			isa = PBXGroup;
			children = (
				4CDF61F9287FF0E100669979 /* VehicleTableViewCell.swift */,
				4CDF61FA287FF0E100669979 /* VehicleTableViewCell.xib */,
			);
			path = Views;
			sourceTree = "<group>";
		};
		4CDF61FD287FFE2F00669979 /* Helpers */ = {
			isa = PBXGroup;
			children = (
				4CDF61FE287FFE3E00669979 /* CoreLocationHelpers.swift */,
				4CDF620828800A8200669979 /* Alertable.swift */,
				4CDF620E288015AA00669979 /* MainQueueDispatchDecorator.swift */,
			);
			path = Helpers;
			sourceTree = "<group>";
		};
		4CDF62002880046F00669979 /* ViewModel */ = {
			isa = PBXGroup;
			children = (
				4CDF62012880047800669979 /* ListViewModel.swift */,
				4C45DD2328816CAD0055AECD /* MapViewModel.swift */,
			);
			path = ViewModel;
			sourceTree = "<group>";
		};
		4CDF6203288005D200669979 /* Controllers */ = {
			isa = PBXGroup;
			children = (
				4CDF62042880063100669979 /* VehicleCellController.swift */,
				4CDF6206288008FC00669979 /* ListViewController.swift */,
				4CDF621428802A0200669979 /* MapViewController.swift */,
			);
			path = Controllers;
			sourceTree = "<group>";
		};
/* End PBXGroup section */

/* Begin PBXNativeTarget section */
		4CDF61A6287F216E00669979 /* vehicle-app */ = {
			isa = PBXNativeTarget;
			buildConfigurationList = 4CDF61D1287F217300669979 /* Build configuration list for PBXNativeTarget "vehicle-app" */;
			buildPhases = (
				4CDF61A3287F216E00669979 /* Sources */,
				4CDF61A4287F216E00669979 /* Frameworks */,
				4CDF61A5287F216E00669979 /* Resources */,
			);
			buildRules = (
			);
			dependencies = (
			);
			name = "vehicle-app";
			productName = "vehicle-app";
			productReference = 4CDF61A7287F216E00669979 /* vehicle-app.app */;
			productType = "com.apple.product-type.application";
		};
		4CDF61BC287F217200669979 /* vehicle-appTests */ = {
			isa = PBXNativeTarget;
			buildConfigurationList = 4CDF61D4287F217300669979 /* Build configuration list for PBXNativeTarget "vehicle-appTests" */;
			buildPhases = (
				4CDF61B9287F217200669979 /* Sources */,
				4CDF61BA287F217200669979 /* Frameworks */,
				4CDF61BB287F217200669979 /* Resources */,
			);
			buildRules = (
			);
			dependencies = (
				4CDF61BF287F217200669979 /* PBXTargetDependency */,
			);
			name = "vehicle-appTests";
			productName = "vehicle-appTests";
			productReference = 4CDF61BD287F217200669979 /* vehicle-appTests.xctest */;
			productType = "com.apple.product-type.bundle.unit-test";
		};
/* End PBXNativeTarget section */

/* Begin PBXProject section */
		4CDF619F287F216E00669979 /* Project object */ = {
			isa = PBXProject;
			attributes = {
				BuildIndependentTargetsInParallel = 1;
				LastSwiftUpdateCheck = 1340;
				LastUpgradeCheck = 1340;
				TargetAttributes = {
					4CDF61A6287F216E00669979 = {
						CreatedOnToolsVersion = 13.4.1;
					};
					4CDF61BC287F217200669979 = {
						CreatedOnToolsVersion = 13.4.1;
						LastSwiftMigration = 1340;
						TestTargetID = 4CDF61A6287F216E00669979;
					};
				};
			};
			buildConfigurationList = 4CDF61A2287F216E00669979 /* Build configuration list for PBXProject "vehicle-app" */;
			compatibilityVersion = "Xcode 13.0";
			developmentRegion = en;
			hasScannedForEncodings = 0;
			knownRegions = (
				en,
				Base,
			);
			mainGroup = 4CDF619E287F216E00669979;
			productRefGroup = 4CDF61A8287F216E00669979 /* Products */;
			projectDirPath = "";
			projectRoot = "";
			targets = (
				4CDF61A6287F216E00669979 /* vehicle-app */,
				4CDF61BC287F217200669979 /* vehicle-appTests */,
			);
		};
/* End PBXProject section */

/* Begin PBXResourcesBuildPhase section */
		4CDF61A5287F216E00669979 /* Resources */ = {
			isa = PBXResourcesBuildPhase;
			buildActionMask = 2147483647;
			files = (
				4CDF61FC287FF0E100669979 /* VehicleTableViewCell.xib in Resources */,
				4CDF61B7287F217200669979 /* LaunchScreen.storyboard in Resources */,
				4CDF61B4287F217200669979 /* Assets.xcassets in Resources */,
			);
			runOnlyForDeploymentPostprocessing = 0;
		};
		4CDF61BB287F217200669979 /* Resources */ = {
			isa = PBXResourcesBuildPhase;
			buildActionMask = 2147483647;
			files = (
			);
			runOnlyForDeploymentPostprocessing = 0;
		};
/* End PBXResourcesBuildPhase section */

/* Begin PBXSourcesBuildPhase section */
		4CDF61A3287F216E00669979 /* Sources */ = {
			isa = PBXSourcesBuildPhase;
			buildActionMask = 2147483647;
			files = (
				4CDF620F288015AA00669979 /* MainQueueDispatchDecorator.swift in Sources */,
				4CDF61DC287F25DB00669979 /* Point.swift in Sources */,
				4CDF61E6287F369D00669979 /* HTTPClient.swift in Sources */,
				4CDF62052880063100669979 /* VehicleCellController.swift in Sources */,
				4CDF62022880047800669979 /* ListViewModel.swift in Sources */,
				4CDF61FF287FFE3E00669979 /* CoreLocationHelpers.swift in Sources */,
				4CDF61AB287F216E00669979 /* AppDelegate.swift in Sources */,
				4CDF61F4287FED6700669979 /* Coordinate.swift in Sources */,
				4CDF61AD287F216E00669979 /* SceneDelegate.swift in Sources */,
				4CDF620928800A8200669979 /* Alertable.swift in Sources */,
				4CDF620B28800ADB00669979 /* VehicleLoader.swift in Sources */,
				4C45DD2428816CAD0055AECD /* MapViewModel.swift in Sources */,
				4CDF61ED287FEAEA00669979 /* RemoteLoader.swift in Sources */,
				4CDF61EF287FEB2800669979 /* PointMapper.swift in Sources */,
				4CDF621528802A0200669979 /* MapViewController.swift in Sources */,
				4C45DD2728819BB80055AECD /* Constants.swift in Sources */,
				4CDF61FB287FF0E100669979 /* VehicleTableViewCell.swift in Sources */,
				4CDF6207288008FC00669979 /* ListViewController.swift in Sources */,
				4CDF62112880175300669979 /* VehicleEndpoint.swift in Sources */,
				4CDF61E4287F35B200669979 /* URLSessionHTTPClient.swift in Sources */,
			);
			runOnlyForDeploymentPostprocessing = 0;
		};
		4CDF61B9287F217200669979 /* Sources */ = {
			isa = PBXSourcesBuildPhase;
			buildActionMask = 2147483647;
			files = (
				4CDF620D28800CDE00669979 /* ListViewControllerTests.swift in Sources */,
				4CDF61EB287F37ED00669979 /* RemoteLoaderTests.swift in Sources */,
				4CDF61F1287FEC8B00669979 /* XCTestCase+MemoryLeackTrackingHelper.swift in Sources */,
				4CDF61E8287F373E00669979 /* Shared.swift in Sources */,
				4CDF61DE287F2A2600669979 /* URLSessionHTTPClientTests.swift in Sources */,
				4CDF61E1287F2C0300669979 /* URLProtocolStub.swift in Sources */,
			);
			runOnlyForDeploymentPostprocessing = 0;
		};
/* End PBXSourcesBuildPhase section */

/* Begin PBXTargetDependency section */
		4CDF61BF287F217200669979 /* PBXTargetDependency */ = {
			isa = PBXTargetDependency;
			target = 4CDF61A6287F216E00669979 /* vehicle-app */;
			targetProxy = 4CDF61BE287F217200669979 /* PBXContainerItemProxy */;
		};
/* End PBXTargetDependency section */

/* Begin PBXVariantGroup section */
		4CDF61B5287F217200669979 /* LaunchScreen.storyboard */ = {
			isa = PBXVariantGroup;
			children = (
				4CDF61B6287F217200669979 /* Base */,
			);
			name = LaunchScreen.storyboard;
			sourceTree = "<group>";
		};
/* End PBXVariantGroup section */

/* Begin XCBuildConfiguration section */
		4CDF61CF287F217300669979 /* Debug */ = {
			isa = XCBuildConfiguration;
			buildSettings = {
				ALWAYS_SEARCH_USER_PATHS = NO;
				CLANG_ANALYZER_NONNULL = YES;
				CLANG_ANALYZER_NUMBER_OBJECT_CONVERSION = YES_AGGRESSIVE;
				CLANG_CXX_LANGUAGE_STANDARD = "gnu++17";
				CLANG_ENABLE_MODULES = YES;
				CLANG_ENABLE_OBJC_ARC = YES;
				CLANG_ENABLE_OBJC_WEAK = YES;
				CLANG_WARN_BLOCK_CAPTURE_AUTORELEASING = YES;
				CLANG_WARN_BOOL_CONVERSION = YES;
				CLANG_WARN_COMMA = YES;
				CLANG_WARN_CONSTANT_CONVERSION = YES;
				CLANG_WARN_DEPRECATED_OBJC_IMPLEMENTATIONS = YES;
				CLANG_WARN_DIRECT_OBJC_ISA_USAGE = YES_ERROR;
				CLANG_WARN_DOCUMENTATION_COMMENTS = YES;
				CLANG_WARN_EMPTY_BODY = YES;
				CLANG_WARN_ENUM_CONVERSION = YES;
				CLANG_WARN_INFINITE_RECURSION = YES;
				CLANG_WARN_INT_CONVERSION = YES;
				CLANG_WARN_NON_LITERAL_NULL_CONVERSION = YES;
				CLANG_WARN_OBJC_IMPLICIT_RETAIN_SELF = YES;
				CLANG_WARN_OBJC_LITERAL_CONVERSION = YES;
				CLANG_WARN_OBJC_ROOT_CLASS = YES_ERROR;
				CLANG_WARN_QUOTED_INCLUDE_IN_FRAMEWORK_HEADER = YES;
				CLANG_WARN_RANGE_LOOP_ANALYSIS = YES;
				CLANG_WARN_STRICT_PROTOTYPES = YES;
				CLANG_WARN_SUSPICIOUS_MOVE = YES;
				CLANG_WARN_UNGUARDED_AVAILABILITY = YES_AGGRESSIVE;
				CLANG_WARN_UNREACHABLE_CODE = YES;
				CLANG_WARN__DUPLICATE_METHOD_MATCH = YES;
				COPY_PHASE_STRIP = NO;
				DEBUG_INFORMATION_FORMAT = dwarf;
				ENABLE_STRICT_OBJC_MSGSEND = YES;
				ENABLE_TESTABILITY = YES;
				GCC_C_LANGUAGE_STANDARD = gnu11;
				GCC_DYNAMIC_NO_PIC = NO;
				GCC_NO_COMMON_BLOCKS = YES;
				GCC_OPTIMIZATION_LEVEL = 0;
				GCC_PREPROCESSOR_DEFINITIONS = (
					"DEBUG=1",
					"$(inherited)",
				);
				GCC_WARN_64_TO_32_BIT_CONVERSION = YES;
				GCC_WARN_ABOUT_RETURN_TYPE = YES_ERROR;
				GCC_WARN_UNDECLARED_SELECTOR = YES;
				GCC_WARN_UNINITIALIZED_AUTOS = YES_AGGRESSIVE;
				GCC_WARN_UNUSED_FUNCTION = YES;
				GCC_WARN_UNUSED_VARIABLE = YES;
				IPHONEOS_DEPLOYMENT_TARGET = 15.5;
				MTL_ENABLE_DEBUG_INFO = INCLUDE_SOURCE;
				MTL_FAST_MATH = YES;
				ONLY_ACTIVE_ARCH = YES;
				SDKROOT = iphoneos;
				SWIFT_ACTIVE_COMPILATION_CONDITIONS = DEBUG;
				SWIFT_OPTIMIZATION_LEVEL = "-Onone";
			};
			name = Debug;
		};
		4CDF61D0287F217300669979 /* Release */ = {
			isa = XCBuildConfiguration;
			buildSettings = {
				ALWAYS_SEARCH_USER_PATHS = NO;
				CLANG_ANALYZER_NONNULL = YES;
				CLANG_ANALYZER_NUMBER_OBJECT_CONVERSION = YES_AGGRESSIVE;
				CLANG_CXX_LANGUAGE_STANDARD = "gnu++17";
				CLANG_ENABLE_MODULES = YES;
				CLANG_ENABLE_OBJC_ARC = YES;
				CLANG_ENABLE_OBJC_WEAK = YES;
				CLANG_WARN_BLOCK_CAPTURE_AUTORELEASING = YES;
				CLANG_WARN_BOOL_CONVERSION = YES;
				CLANG_WARN_COMMA = YES;
				CLANG_WARN_CONSTANT_CONVERSION = YES;
				CLANG_WARN_DEPRECATED_OBJC_IMPLEMENTATIONS = YES;
				CLANG_WARN_DIRECT_OBJC_ISA_USAGE = YES_ERROR;
				CLANG_WARN_DOCUMENTATION_COMMENTS = YES;
				CLANG_WARN_EMPTY_BODY = YES;
				CLANG_WARN_ENUM_CONVERSION = YES;
				CLANG_WARN_INFINITE_RECURSION = YES;
				CLANG_WARN_INT_CONVERSION = YES;
				CLANG_WARN_NON_LITERAL_NULL_CONVERSION = YES;
				CLANG_WARN_OBJC_IMPLICIT_RETAIN_SELF = YES;
				CLANG_WARN_OBJC_LITERAL_CONVERSION = YES;
				CLANG_WARN_OBJC_ROOT_CLASS = YES_ERROR;
				CLANG_WARN_QUOTED_INCLUDE_IN_FRAMEWORK_HEADER = YES;
				CLANG_WARN_RANGE_LOOP_ANALYSIS = YES;
				CLANG_WARN_STRICT_PROTOTYPES = YES;
				CLANG_WARN_SUSPICIOUS_MOVE = YES;
				CLANG_WARN_UNGUARDED_AVAILABILITY = YES_AGGRESSIVE;
				CLANG_WARN_UNREACHABLE_CODE = YES;
				CLANG_WARN__DUPLICATE_METHOD_MATCH = YES;
				COPY_PHASE_STRIP = NO;
				DEBUG_INFORMATION_FORMAT = "dwarf-with-dsym";
				ENABLE_NS_ASSERTIONS = NO;
				ENABLE_STRICT_OBJC_MSGSEND = YES;
				GCC_C_LANGUAGE_STANDARD = gnu11;
				GCC_NO_COMMON_BLOCKS = YES;
				GCC_WARN_64_TO_32_BIT_CONVERSION = YES;
				GCC_WARN_ABOUT_RETURN_TYPE = YES_ERROR;
				GCC_WARN_UNDECLARED_SELECTOR = YES;
				GCC_WARN_UNINITIALIZED_AUTOS = YES_AGGRESSIVE;
				GCC_WARN_UNUSED_FUNCTION = YES;
				GCC_WARN_UNUSED_VARIABLE = YES;
				IPHONEOS_DEPLOYMENT_TARGET = 15.5;
				MTL_ENABLE_DEBUG_INFO = NO;
				MTL_FAST_MATH = YES;
				SDKROOT = iphoneos;
				SWIFT_COMPILATION_MODE = wholemodule;
				SWIFT_OPTIMIZATION_LEVEL = "-O";
				VALIDATE_PRODUCT = YES;
			};
			name = Release;
		};
		4CDF61D2287F217300669979 /* Debug */ = {
			isa = XCBuildConfiguration;
			buildSettings = {
				ASSETCATALOG_COMPILER_APPICON_NAME = AppIcon;
				ASSETCATALOG_COMPILER_GLOBAL_ACCENT_COLOR_NAME = AccentColor;
				CODE_SIGN_STYLE = Automatic;
				CURRENT_PROJECT_VERSION = 1;
				DEVELOPMENT_TEAM = QU3CT6V6H6;
				GENERATE_INFOPLIST_FILE = YES;
				INFOPLIST_FILE = "vehicle-app/Info.plist";
				INFOPLIST_KEY_UIApplicationSupportsIndirectInputEvents = YES;
				INFOPLIST_KEY_UILaunchStoryboardName = LaunchScreen;
				INFOPLIST_KEY_UISupportedInterfaceOrientations_iPad = "UIInterfaceOrientationPortrait UIInterfaceOrientationPortraitUpsideDown UIInterfaceOrientationLandscapeLeft UIInterfaceOrientationLandscapeRight";
				INFOPLIST_KEY_UISupportedInterfaceOrientations_iPhone = "UIInterfaceOrientationPortrait UIInterfaceOrientationLandscapeLeft UIInterfaceOrientationLandscapeRight";
				LD_RUNPATH_SEARCH_PATHS = (
					"$(inherited)",
					"@executable_path/Frameworks",
				);
				MARKETING_VERSION = 1.0;
				PRODUCT_BUNDLE_IDENTIFIER = "com.bitar.vehicle-app";
				PRODUCT_NAME = "$(TARGET_NAME)";
				SWIFT_EMIT_LOC_STRINGS = YES;
				SWIFT_VERSION = 5.0;
				TARGETED_DEVICE_FAMILY = "1,2";
			};
			name = Debug;
		};
		4CDF61D3287F217300669979 /* Release */ = {
			isa = XCBuildConfiguration;
			buildSettings = {
				ASSETCATALOG_COMPILER_APPICON_NAME = AppIcon;
				ASSETCATALOG_COMPILER_GLOBAL_ACCENT_COLOR_NAME = AccentColor;
				CODE_SIGN_STYLE = Automatic;
				CURRENT_PROJECT_VERSION = 1;
				DEVELOPMENT_TEAM = QU3CT6V6H6;
				GENERATE_INFOPLIST_FILE = YES;
				INFOPLIST_FILE = "vehicle-app/Info.plist";
				INFOPLIST_KEY_UIApplicationSupportsIndirectInputEvents = YES;
				INFOPLIST_KEY_UILaunchStoryboardName = LaunchScreen;
				INFOPLIST_KEY_UISupportedInterfaceOrientations_iPad = "UIInterfaceOrientationPortrait UIInterfaceOrientationPortraitUpsideDown UIInterfaceOrientationLandscapeLeft UIInterfaceOrientationLandscapeRight";
				INFOPLIST_KEY_UISupportedInterfaceOrientations_iPhone = "UIInterfaceOrientationPortrait UIInterfaceOrientationLandscapeLeft UIInterfaceOrientationLandscapeRight";
				LD_RUNPATH_SEARCH_PATHS = (
					"$(inherited)",
					"@executable_path/Frameworks",
				);
				MARKETING_VERSION = 1.0;
				PRODUCT_BUNDLE_IDENTIFIER = "com.bitar.vehicle-app";
				PRODUCT_NAME = "$(TARGET_NAME)";
				SWIFT_EMIT_LOC_STRINGS = YES;
				SWIFT_VERSION = 5.0;
				TARGETED_DEVICE_FAMILY = "1,2";
			};
			name = Release;
		};
		4CDF61D5287F217300669979 /* Debug */ = {
			isa = XCBuildConfiguration;
			buildSettings = {
				ALWAYS_EMBED_SWIFT_STANDARD_LIBRARIES = YES;
				BUNDLE_LOADER = "$(TEST_HOST)";
				CLANG_ENABLE_MODULES = YES;
				CODE_SIGN_STYLE = Automatic;
				CURRENT_PROJECT_VERSION = 1;
				DEVELOPMENT_TEAM = QU3CT6V6H6;
				GENERATE_INFOPLIST_FILE = YES;
				IPHONEOS_DEPLOYMENT_TARGET = 15.5;
				LD_RUNPATH_SEARCH_PATHS = (
					"$(inherited)",
					"@executable_path/Frameworks",
					"@loader_path/Frameworks",
				);
				MARKETING_VERSION = 1.0;
				PRODUCT_BUNDLE_IDENTIFIER = "com.bitar.vehicle-appTests";
				PRODUCT_NAME = "$(TARGET_NAME)";
				SWIFT_EMIT_LOC_STRINGS = NO;
				SWIFT_OPTIMIZATION_LEVEL = "-Onone";
				SWIFT_VERSION = 5.0;
				TARGETED_DEVICE_FAMILY = "1,2";
				TEST_HOST = "$(BUILT_PRODUCTS_DIR)/vehicle-app.app/vehicle-app";
			};
			name = Debug;
		};
		4CDF61D6287F217300669979 /* Release */ = {
			isa = XCBuildConfiguration;
			buildSettings = {
				ALWAYS_EMBED_SWIFT_STANDARD_LIBRARIES = YES;
				BUNDLE_LOADER = "$(TEST_HOST)";
				CLANG_ENABLE_MODULES = YES;
				CODE_SIGN_STYLE = Automatic;
				CURRENT_PROJECT_VERSION = 1;
				DEVELOPMENT_TEAM = QU3CT6V6H6;
				GENERATE_INFOPLIST_FILE = YES;
				IPHONEOS_DEPLOYMENT_TARGET = 15.5;
				LD_RUNPATH_SEARCH_PATHS = (
					"$(inherited)",
					"@executable_path/Frameworks",
					"@loader_path/Frameworks",
				);
				MARKETING_VERSION = 1.0;
				PRODUCT_BUNDLE_IDENTIFIER = "com.bitar.vehicle-appTests";
				PRODUCT_NAME = "$(TARGET_NAME)";
				SWIFT_EMIT_LOC_STRINGS = NO;
				SWIFT_VERSION = 5.0;
				TARGETED_DEVICE_FAMILY = "1,2";
				TEST_HOST = "$(BUILT_PRODUCTS_DIR)/vehicle-app.app/vehicle-app";
			};
			name = Release;
		};
/* End XCBuildConfiguration section */

/* Begin XCConfigurationList section */
		4CDF61A2287F216E00669979 /* Build configuration list for PBXProject "vehicle-app" */ = {
			isa = XCConfigurationList;
			buildConfigurations = (
				4CDF61CF287F217300669979 /* Debug */,
				4CDF61D0287F217300669979 /* Release */,
			);
			defaultConfigurationIsVisible = 0;
			defaultConfigurationName = Release;
		};
		4CDF61D1287F217300669979 /* Build configuration list for PBXNativeTarget "vehicle-app" */ = {
			isa = XCConfigurationList;
			buildConfigurations = (
				4CDF61D2287F217300669979 /* Debug */,
				4CDF61D3287F217300669979 /* Release */,
			);
			defaultConfigurationIsVisible = 0;
			defaultConfigurationName = Release;
		};
		4CDF61D4287F217300669979 /* Build configuration list for PBXNativeTarget "vehicle-appTests" */ = {
			isa = XCConfigurationList;
			buildConfigurations = (
				4CDF61D5287F217300669979 /* Debug */,
				4CDF61D6287F217300669979 /* Release */,
			);
			defaultConfigurationIsVisible = 0;
			defaultConfigurationName = Release;
		};
/* End XCConfigurationList section */
	};
	rootObject = 4CDF619F287F216E00669979 /* Project object */;
}
